
Microsoft Visual Studio Solution File, Format Version 12.00
# Visual Studio Version 16
VisualStudioVersion = 16.0.31205.134
MinimumVisualStudioVersion = 10.0.40219.1
Project("{9A19103F-16F7-4668-BE54-9A1E7A4F7556}") = "Codebelt.Bootstrapper", "src\Codebelt.Bootstrapper\Codebelt.Bootstrapper.csproj", "{B14D0DBF-E9F8-458C-B45B-54931042F167}"
EndProject
Project("{9A19103F-16F7-4668-BE54-9A1E7A4F7556}") = "Codebelt.Bootstrapper.Common", "src\Codebelt.Bootstrapper.Common\Codebelt.Bootstrapper.Common.csproj", "{6CE93B27-64D0-4D7B-BF0A-D3FBCC9E620F}"
EndProject
Project("{9A19103F-16F7-4668-BE54-9A1E7A4F7556}") = "Codebelt.Bootstrapper.Web", "src\Codebelt.Bootstrapper.Web\Codebelt.Bootstrapper.Web.csproj", "{0A40098D-3820-4290-9939-B74E610EA77F}"
EndProject
Project("{9A19103F-16F7-4668-BE54-9A1E7A4F7556}") = "Codebelt.Bootstrapper.Common.App", "app\Codebelt.Bootstrapper.Console.App\Codebelt.Bootstrapper.Common.App.csproj", "{7CC75DC6-CF80-4119-9B44-47A7EC9266A0}"
EndProject
Project("{9A19103F-16F7-4668-BE54-9A1E7A4F7556}") = "Codebelt.Bootstrapper.Worker", "src\Codebelt.Bootstrapper.Worker\Codebelt.Bootstrapper.Worker.csproj", "{E90730C8-7954-449B-A592-4674FDAAE15A}"
EndProject
Project("{9A19103F-16F7-4668-BE54-9A1E7A4F7556}") = "Codebelt.Bootstrapper.Worker.App", "app\Codebelt.Bootstrapper.Worker.App\Codebelt.Bootstrapper.Worker.App.csproj", "{4CC94CFF-7ECA-41D0-9682-74B51E61488D}"
EndProject
Project("{9A19103F-16F7-4668-BE54-9A1E7A4F7556}") = "Codebelt.Bootstrapper.Web.App", "app\Codebelt.Bootstrapper.Web.App\Codebelt.Bootstrapper.Web.App.csproj", "{FBD6FE71-9A45-4535-88A7-C91267C05276}"
EndProject
Project("{9A19103F-16F7-4668-BE54-9A1E7A4F7556}") = "Codebelt.Bootstrapper.WebApi.App", "app\Codebelt.Bootstrapper.WebApi.App\Codebelt.Bootstrapper.WebApi.App.csproj", "{5247A3BE-AF60-4BD9-AB79-952632D1184C}"
EndProject
Project("{9A19103F-16F7-4668-BE54-9A1E7A4F7556}") = "Codebelt.Bootstrapper.WebApp.App", "app\Codebelt.Bootstrapper.WebApp.App\Codebelt.Bootstrapper.WebApp.App.csproj", "{F4111595-6908-47C6-9293-EEAC1F4D3127}"
EndProject
Project("{9A19103F-16F7-4668-BE54-9A1E7A4F7556}") = "Codebelt.Bootstrapper.WebMvc.App", "app\Codebelt.Bootstrapper.WebMvc.App\Codebelt.Bootstrapper.WebMvc.App.csproj", "{0E9B237F-3E3F-457B-9046-650A3BD7C002}"
EndProject
Global
	GlobalSection(SolutionConfigurationPlatforms) = preSolution
		Debug|Any CPU = Debug|Any CPU
		Release|Any CPU = Release|Any CPU
	EndGlobalSection
	GlobalSection(ProjectConfigurationPlatforms) = postSolution
		{B14D0DBF-E9F8-458C-B45B-54931042F167}.Debug|Any CPU.ActiveCfg = Debug|Any CPU
		{B14D0DBF-E9F8-458C-B45B-54931042F167}.Debug|Any CPU.Build.0 = Debug|Any CPU
		{B14D0DBF-E9F8-458C-B45B-54931042F167}.Release|Any CPU.ActiveCfg = Release|Any CPU
		{B14D0DBF-E9F8-458C-B45B-54931042F167}.Release|Any CPU.Build.0 = Release|Any CPU
		{6CE93B27-64D0-4D7B-BF0A-D3FBCC9E620F}.Debug|Any CPU.ActiveCfg = Debug|Any CPU
		{6CE93B27-64D0-4D7B-BF0A-D3FBCC9E620F}.Debug|Any CPU.Build.0 = Debug|Any CPU
		{6CE93B27-64D0-4D7B-BF0A-D3FBCC9E620F}.Release|Any CPU.ActiveCfg = Release|Any CPU
		{6CE93B27-64D0-4D7B-BF0A-D3FBCC9E620F}.Release|Any CPU.Build.0 = Release|Any CPU
		{0A40098D-3820-4290-9939-B74E610EA77F}.Debug|Any CPU.ActiveCfg = Debug|Any CPU
		{0A40098D-3820-4290-9939-B74E610EA77F}.Debug|Any CPU.Build.0 = Debug|Any CPU
		{0A40098D-3820-4290-9939-B74E610EA77F}.Release|Any CPU.ActiveCfg = Release|Any CPU
		{0A40098D-3820-4290-9939-B74E610EA77F}.Release|Any CPU.Build.0 = Release|Any CPU
		{7CC75DC6-CF80-4119-9B44-47A7EC9266A0}.Debug|Any CPU.ActiveCfg = Debug|Any CPU
		{7CC75DC6-CF80-4119-9B44-47A7EC9266A0}.Debug|Any CPU.Build.0 = Debug|Any CPU
		{7CC75DC6-CF80-4119-9B44-47A7EC9266A0}.Release|Any CPU.ActiveCfg = Release|Any CPU
		{7CC75DC6-CF80-4119-9B44-47A7EC9266A0}.Release|Any CPU.Build.0 = Release|Any CPU
		{E90730C8-7954-449B-A592-4674FDAAE15A}.Debug|Any CPU.ActiveCfg = Debug|Any CPU
		{E90730C8-7954-449B-A592-4674FDAAE15A}.Debug|Any CPU.Build.0 = Debug|Any CPU
		{E90730C8-7954-449B-A592-4674FDAAE15A}.Release|Any CPU.ActiveCfg = Release|Any CPU
		{E90730C8-7954-449B-A592-4674FDAAE15A}.Release|Any CPU.Build.0 = Release|Any CPU
		{4CC94CFF-7ECA-41D0-9682-74B51E61488D}.Debug|Any CPU.ActiveCfg = Debug|Any CPU
		{4CC94CFF-7ECA-41D0-9682-74B51E61488D}.Debug|Any CPU.Build.0 = Debug|Any CPU
		{4CC94CFF-7ECA-41D0-9682-74B51E61488D}.Release|Any CPU.ActiveCfg = Release|Any CPU
		{4CC94CFF-7ECA-41D0-9682-74B51E61488D}.Release|Any CPU.Build.0 = Release|Any CPU
		{FBD6FE71-9A45-4535-88A7-C91267C05276}.Debug|Any CPU.ActiveCfg = Debug|Any CPU
		{FBD6FE71-9A45-4535-88A7-C91267C05276}.Debug|Any CPU.Build.0 = Debug|Any CPU
		{FBD6FE71-9A45-4535-88A7-C91267C05276}.Release|Any CPU.ActiveCfg = Release|Any CPU
		{FBD6FE71-9A45-4535-88A7-C91267C05276}.Release|Any CPU.Build.0 = Release|Any CPU
		{5247A3BE-AF60-4BD9-AB79-952632D1184C}.Debug|Any CPU.ActiveCfg = Debug|Any CPU
		{5247A3BE-AF60-4BD9-AB79-952632D1184C}.Debug|Any CPU.Build.0 = Debug|Any CPU
		{5247A3BE-AF60-4BD9-AB79-952632D1184C}.Release|Any CPU.ActiveCfg = Release|Any CPU
		{5247A3BE-AF60-4BD9-AB79-952632D1184C}.Release|Any CPU.Build.0 = Release|Any CPU
		{F4111595-6908-47C6-9293-EEAC1F4D3127}.Debug|Any CPU.ActiveCfg = Debug|Any CPU
		{F4111595-6908-47C6-9293-EEAC1F4D3127}.Debug|Any CPU.Build.0 = Debug|Any CPU
		{F4111595-6908-47C6-9293-EEAC1F4D3127}.Release|Any CPU.ActiveCfg = Release|Any CPU
		{F4111595-6908-47C6-9293-EEAC1F4D3127}.Release|Any CPU.Build.0 = Release|Any CPU
		{0E9B237F-3E3F-457B-9046-650A3BD7C002}.Debug|Any CPU.ActiveCfg = Debug|Any CPU
		{0E9B237F-3E3F-457B-9046-650A3BD7C002}.Debug|Any CPU.Build.0 = Debug|Any CPU
		{0E9B237F-3E3F-457B-9046-650A3BD7C002}.Release|Any CPU.ActiveCfg = Release|Any CPU
		{0E9B237F-3E3F-457B-9046-650A3BD7C002}.Release|Any CPU.Build.0 = Release|Any CPU
	EndGlobalSection
	GlobalSection(SolutionProperties) = preSolution
		HideSolutionNode = FALSE
	EndGlobalSection
	GlobalSection(ExtensibilityGlobals) = postSolution
		SolutionGuid = {72FB037E-3629-4CDB-812E-D577A3D4FD26}
	EndGlobalSection
EndGlobal
